{
  "projects": [
    {
      "projectId": "YUiM7yqBWAqsh8KSnrdj7",
      "version": "0.33.0",
      "dependencies": {},
      "lang": "ts",
      "fileLocks": [
        {
          "assetId": "YUiM7yqBWAqsh8KSnrdj7",
          "type": "projectCss",
          "checksum": "21b499a9da4edbc2266c72c2ba127787"
        }
      ],
      "codegenVersion": "0.0.1"
    },
    {
      "projectId": "gLnoj82AzKVVT7qXiqAbHD",
      "version": "2.14.0",
      "dependencies": {},
      "lang": "ts",
      "fileLocks": [
        {
          "type": "renderModule",
          "assetId": "lBHNzts6tFyj",
          "checksum": "245a58fc7b2227b194c2e374efeb7ec9"
        },
        {
          "type": "cssRules",
          "assetId": "lBHNzts6tFyj",
          "checksum": "245a58fc7b2227b194c2e374efeb7ec9"
        },
        {
          "type": "icon",
          "assetId": "zq2s7N0xWucT",
          "checksum": "7691da81b3fdb3bd85f62a09bf3c2cc7"
        },
        {
          "type": "icon",
          "assetId": "8K40faRNhuCj",
          "checksum": "4fedd32cd8730884585d804464a39318"
        },
        {
          "assetId": "gLnoj82AzKVVT7qXiqAbHD",
          "type": "projectCss",
          "checksum": "1c02168c6b23256606111fdfdbb63549"
        }
      ],
      "codegenVersion": "0.0.1"
    },
    {
      "projectId": "sqPBLwEBBKHA2WDuGb17eV",
      "version": "2.3.0",
      "dependencies": {},
      "lang": "ts",
      "fileLocks": [
        {
          "type": "renderModule",
          "assetId": "5nirPCGmCnRD",
          "checksum": "68085e068ca6b23be62b4a95ce376560"
        },
        {
          "type": "cssRules",
          "assetId": "5nirPCGmCnRD",
          "checksum": "68085e068ca6b23be62b4a95ce376560"
        },
        {
          "type": "icon",
          "assetId": "Wyt3GMMsLefj",
          "checksum": "d2b1886763aa016780501d0c22f50b5e"
        },
        {
          "type": "icon",
          "assetId": "MbDRsJU0e3bw",
          "checksum": "92672aa6935120ebaac11939d8d127bb"
        },
        {
          "assetId": "sqPBLwEBBKHA2WDuGb17eV",
          "type": "projectCss",
          "checksum": "1c02168c6b23256606111fdfdbb63549"
        }
      ],
      "codegenVersion": "0.0.1"
    },
    {
      "projectId": "9Vr5YWkf3w7jj6SsTcCEta",
      "version": "0.13.0",
      "dependencies": {},
      "lang": "ts",
      "fileLocks": [
        {
          "assetId": "9Vr5YWkf3w7jj6SsTcCEta",
          "type": "projectCss",
          "checksum": "1c02168c6b23256606111fdfdbb63549"
        }
      ],
      "codegenVersion": "0.0.1"
    },
    {
      "projectId": "jkU633o1Cz7HrJdwdxhVHk",
      "version": "16.13.0",
      "dependencies": {},
      "lang": "ts",
      "fileLocks": [
        {
          "assetId": "jkU633o1Cz7HrJdwdxhVHk",
          "type": "projectCss",
          "checksum": "cf57d229ecea50678d9d8d3bc0e3dd9b"
        }
      ],
      "codegenVersion": "0.0.1"
    },
    {
      "projectId": "ohDidvG9XsCeFumugENU3J",
      "version": "6.28.0",
      "dependencies": {},
      "lang": "ts",
      "fileLocks": [
        {
          "assetId": "ohDidvG9XsCeFumugENU3J",
          "checksum": "de0a0e65174a6a185a8f822af51c6bdd",
          "type": "globalContexts"
        },
        {
          "assetId": "ohDidvG9XsCeFumugENU3J",
          "type": "projectCss",
          "checksum": "ba2a60a163fca4f4d510275088a2be53"
        }
      ],
      "codegenVersion": "0.0.1"
    },
    {
      "projectId": "2Up8DUmBB1Tx5dhznkvCW5",
      "version": "latest",
      "dependencies": {
        "ohDidvG9XsCeFumugENU3J": "6.28.0",
        "jkU633o1Cz7HrJdwdxhVHk": "16.13.0",
        "9Vr5YWkf3w7jj6SsTcCEta": "0.13.0",
        "sqPBLwEBBKHA2WDuGb17eV": "2.3.0",
        "gLnoj82AzKVVT7qXiqAbHD": "2.14.0",
        "YUiM7yqBWAqsh8KSnrdj7": "0.33.0",
        "caTPwKxj5ZrD9LQ7DMdK4Z": "3.40.0",
        "gmeH6XgPaBtkt51HunAo4g": "18.10.0"
      },
      "lang": "ts",
      "fileLocks": [
        {
          "type": "globalVariant",
          "assetId": "GFgHdl6tgBHl",
          "checksum": "c43f38878424ba8e79fce49e2ea3be00"
        },
        {
          "assetId": "2Up8DUmBB1Tx5dhznkvCW5",
          "checksum": "c8f011eb3545f870b843c03ba9caa47d",
          "type": "globalContexts"
        },
        {
          "type": "renderModule",
          "assetId": "rnHO_bOVeULP",
          "checksum": "0287536f3675f3fd1888b5678cbf07c7"
        },
        {
          "type": "cssRules",
          "assetId": "rnHO_bOVeULP",
          "checksum": "0287536f3675f3fd1888b5678cbf07c7"
        },
        {
          "type": "renderModule",
          "assetId": "nHDfdLqBbJ3Q",
          "checksum": "87ea28ab9c3aba7f8ad229dde3f42b80"
        },
        {
          "type": "cssRules",
          "assetId": "nHDfdLqBbJ3Q",
          "checksum": "87ea28ab9c3aba7f8ad229dde3f42b80"
        },
        {
          "type": "renderModule",
          "assetId": "Q4JwVxY8BQKh",
          "checksum": "cbb2fa268c200825b0d8ad8973117bd9"
        },
        {
          "type": "cssRules",
          "assetId": "Q4JwVxY8BQKh",
          "checksum": "cbb2fa268c200825b0d8ad8973117bd9"
        },
        {
          "type": "renderModule",
          "assetId": "eotWUtoSe3YM",
          "checksum": "ae6708d93f7f0f3f2f62730022a18256"
        },
        {
          "type": "cssRules",
          "assetId": "eotWUtoSe3YM",
          "checksum": "ae6708d93f7f0f3f2f62730022a18256"
        },
        {
          "type": "renderModule",
          "assetId": "Vb0VOLzBZNER",
          "checksum": "1e66def9a232dda496c1e838b4942998"
        },
        {
          "type": "cssRules",
          "assetId": "Vb0VOLzBZNER",
          "checksum": "1e66def9a232dda496c1e838b4942998"
        },
        {
          "type": "renderModule",
          "assetId": "6sm0FxicGom_",
          "checksum": "e546cafffa87c5531182b5366d4337b5"
        },
        {
          "type": "cssRules",
          "assetId": "6sm0FxicGom_",
          "checksum": "e546cafffa87c5531182b5366d4337b5"
        },
        {
          "type": "renderModule",
          "assetId": "x_9KNQmw4n3T",
          "checksum": "9c2124be86c2499c7210fccbee9a439b"
        },
        {
          "type": "cssRules",
          "assetId": "x_9KNQmw4n3T",
          "checksum": "9c2124be86c2499c7210fccbee9a439b"
        },
        {
          "type": "renderModule",
          "assetId": "7ZC-La1jrz19",
          "checksum": "a27880381089adae060aef41f9a662ca"
        },
        {
          "type": "cssRules",
          "assetId": "7ZC-La1jrz19",
          "checksum": "a27880381089adae060aef41f9a662ca"
        },
        {
          "type": "renderModule",
          "assetId": "XB84G94XjtOY",
          "checksum": "b3ed33e4e7102149534f16235e4d6732"
        },
        {
          "type": "cssRules",
          "assetId": "XB84G94XjtOY",
          "checksum": "b3ed33e4e7102149534f16235e4d6732"
        },
        {
          "type": "renderModule",
          "assetId": "mSsMjiy4tgBp",
          "checksum": "bf58e17f6d2491bb86e37d5923c74675"
        },
        {
          "type": "cssRules",
          "assetId": "mSsMjiy4tgBp",
          "checksum": "bf58e17f6d2491bb86e37d5923c74675"
        },
        {
          "type": "renderModule",
          "assetId": "JgPOznJRQoT5",
          "checksum": "c4375c9d07a6602f12307144c9b71535"
        },
        {
          "type": "cssRules",
          "assetId": "JgPOznJRQoT5",
          "checksum": "c4375c9d07a6602f12307144c9b71535"
        },
        {
          "type": "icon",
          "assetId": "0aRPtitADHsb",
          "checksum": "94fedcf5874e0cb69899a0752ad8b8af"
        },
        {
          "type": "icon",
          "assetId": "ZRGWIlIFp0i2",
          "checksum": "365a1d6ce88ed29b5fa0e1d28589c092"
        },
        {
          "type": "icon",
          "assetId": "OX8Wao-6hRIT",
          "checksum": "0f0980006df430a7d2b99841d94c8aff"
        },
        {
          "type": "icon",
          "assetId": "ifNHMDR6hmKo",
          "checksum": "2fcfd9aa9f1318ed514b2daed940b77c"
        },
        {
          "type": "icon",
          "assetId": "RpMZCxjbhyRD",
          "checksum": "90d90747a369ceaa4fadfe9d4d7ba76e"
        },
        {
          "type": "renderModule",
          "assetId": "tQs3K4I5HXpb",
          "checksum": "82f761b0a7af7a6a8dcfe0a3e7e46670"
        },
        {
          "type": "cssRules",
          "assetId": "tQs3K4I5HXpb",
          "checksum": "82f761b0a7af7a6a8dcfe0a3e7e46670"
        },
        {
          "type": "renderModule",
          "assetId": "n5jcfqnGZy-O",
          "checksum": "2e76fdb7015094ef8870c3e9a68ca39b"
        },
        {
          "type": "cssRules",
          "assetId": "n5jcfqnGZy-O",
          "checksum": "2e76fdb7015094ef8870c3e9a68ca39b"
        },
        {
          "type": "renderModule",
          "assetId": "YEj_G5VEI0qw",
          "checksum": "1aa805a3f5ced2fd73befacc6a807b20"
        },
        {
          "type": "cssRules",
          "assetId": "YEj_G5VEI0qw",
          "checksum": "1aa805a3f5ced2fd73befacc6a807b20"
        },
        {
          "type": "renderModule",
          "assetId": "BrKHErcZRT6V",
          "checksum": "2f6c458e66225b929e8aac043c5996ea"
        },
        {
          "type": "cssRules",
          "assetId": "BrKHErcZRT6V",
          "checksum": "2f6c458e66225b929e8aac043c5996ea"
        },
        {
          "type": "icon",
          "assetId": "AlYwh9edS8by",
          "checksum": "1c28c736391fdc1865039046e89fb730"
        },
        {
          "type": "image",
          "assetId": "UHnTrEpjKHhR",
          "checksum": "c896097bfafd22643e25080c484c030a"
        },
        {
          "type": "renderModule",
          "assetId": "x4n2p2jN_qky",
          "checksum": "dcb300c12dc00f9454581fec60218758"
        },
        {
          "type": "cssRules",
          "assetId": "x4n2p2jN_qky",
          "checksum": "dcb300c12dc00f9454581fec60218758"
        },
        {
          "type": "icon",
          "assetId": "gfDSmbkYqijO",
          "checksum": "8335a2eb86cd3a8e9fd8135378825523"
        },
        {
          "type": "icon",
          "assetId": "Wmz2NrCSp4o2",
          "checksum": "7157ef71aaf479274371254e486d6fd7"
        },
        {
          "type": "renderModule",
          "assetId": "wn2lQbNR4QPE",
          "checksum": "c01d4034a6ad8424f0c8494dfdd3a4ec"
        },
        {
          "type": "cssRules",
          "assetId": "wn2lQbNR4QPE",
          "checksum": "c01d4034a6ad8424f0c8494dfdd3a4ec"
        },
        {
          "type": "renderModule",
          "assetId": "LvgsS-EMlkfG",
          "checksum": "2d1cad1aada16c5695f961abdb294dbe"
        },
        {
          "type": "cssRules",
          "assetId": "LvgsS-EMlkfG",
          "checksum": "2d1cad1aada16c5695f961abdb294dbe"
        },
        {
          "type": "renderModule",
          "assetId": "Lz5lrD59R3ma",
          "checksum": "42584e646188a813e786a61458ae1ea2"
        },
        {
          "type": "cssRules",
          "assetId": "Lz5lrD59R3ma",
          "checksum": "42584e646188a813e786a61458ae1ea2"
        },
        {
          "type": "renderModule",
          "assetId": "liJQbHcUxWVA",
          "checksum": "db4e60a0bbb20912742321d4dc3dde03"
        },
        {
          "type": "cssRules",
          "assetId": "liJQbHcUxWVA",
          "checksum": "db4e60a0bbb20912742321d4dc3dde03"
        },
        {
          "type": "renderModule",
          "assetId": "uplmmZER5PdJ",
          "checksum": "63d35f8eb8afdafbf2884f313808937f"
        },
        {
          "type": "cssRules",
          "assetId": "uplmmZER5PdJ",
          "checksum": "63d35f8eb8afdafbf2884f313808937f"
        },
        {
          "type": "renderModule",
          "assetId": "5htpOgxRwHbE",
          "checksum": "330244d90482e16b83d5d645b31dd951"
        },
        {
          "type": "cssRules",
          "assetId": "5htpOgxRwHbE",
          "checksum": "330244d90482e16b83d5d645b31dd951"
        },
        {
          "type": "renderModule",
          "assetId": "nXXUUxjRiMDQ",
          "checksum": "8ec666bb8c62dbd2032b168650e54e1d"
        },
        {
          "type": "cssRules",
          "assetId": "nXXUUxjRiMDQ",
          "checksum": "8ec666bb8c62dbd2032b168650e54e1d"
        },
        {
          "type": "renderModule",
          "assetId": "K-pKo-0OAxvA",
          "checksum": "77dcb304fdb8dd74c892e96cb94a0040"
        },
        {
          "type": "cssRules",
          "assetId": "K-pKo-0OAxvA",
          "checksum": "77dcb304fdb8dd74c892e96cb94a0040"
        },
        {
          "type": "icon",
          "assetId": "-lOMU8AnMmP_",
          "checksum": "98e2c3356fea29354297fb9537f1ffd0"
        },
        {
          "type": "icon",
          "assetId": "TF0F3UORt2hA",
          "checksum": "67713e0bb71a3ad3f4a9392997fe8d14"
        },
        {
          "type": "icon",
          "assetId": "OJirpaMF6XYt",
          "checksum": "4947412221de643c345a3d3443e7f8f3"
        },
        {
          "type": "image",
          "assetId": "tLEmqTCOAiFo",
          "checksum": "423b5386b007bb1a28ad64eafb302b68"
        },
        {
          "assetId": "2Up8DUmBB1Tx5dhznkvCW5",
          "type": "projectCss",
          "checksum": "ddd59670ef6cc0ab19161cb1c0deb8ca"
        }
      ],
      "codegenVersion": "0.0.1"
    },
    {
      "projectId": "caTPwKxj5ZrD9LQ7DMdK4Z",
      "version": "3.40.0",
      "dependencies": {},
      "lang": "ts",
      "fileLocks": [
        {
          "assetId": "caTPwKxj5ZrD9LQ7DMdK4Z",
          "type": "projectCss",
          "checksum": "1c02168c6b23256606111fdfdbb63549"
        }
      ],
      "codegenVersion": "0.0.1"
    },
    {
      "projectId": "gmeH6XgPaBtkt51HunAo4g",
      "version": "18.10.0",
      "dependencies": {},
      "lang": "ts",
      "fileLocks": [
        {
          "assetId": "gmeH6XgPaBtkt51HunAo4g",
          "type": "projectCss",
          "checksum": "1c02168c6b23256606111fdfdbb63549"
        }
      ],
      "codegenVersion": "0.0.1"
    }
  ],
  "cliVersion": "0.1.331"
}
