{
  "projects": [
    {
      "projectId": "YUiM7yqBWAqsh8KSnrdj7",
      "version": "0.30.0",
      "dependencies": {},
      "lang": "ts",
      "fileLocks": [
        {
          "assetId": "YUiM7yqBWAqsh8KSnrdj7",
          "type": "projectCss",
          "checksum": "dac72600b04b6e6a3014e82512a15fe1"
        }
      ],
      "codegenVersion": "0.0.1"
    },
    {
      "projectId": "gLnoj82AzKVVT7qXiqAbHD",
      "version": "2.12.0",
      "dependencies": {},
      "lang": "ts",
      "fileLocks": [
        {
          "type": "renderModule",
          "assetId": "lBHNzts6tFyj",
          "checksum": "579d12e83e839e0dc7fcb72a6146b874"
        },
        {
          "type": "cssRules",
          "assetId": "lBHNzts6tFyj",
          "checksum": "579d12e83e839e0dc7fcb72a6146b874"
        },
        {
          "type": "icon",
          "assetId": "zq2s7N0xWucT",
          "checksum": "7691da81b3fdb3bd85f62a09bf3c2cc7"
        },
        {
          "type": "icon",
          "assetId": "8K40faRNhuCj",
          "checksum": "4fedd32cd8730884585d804464a39318"
        },
        {
          "assetId": "gLnoj82AzKVVT7qXiqAbHD",
          "type": "projectCss",
          "checksum": "e1ec850476829c38b0f9b6d4f7ac446a"
        }
      ],
      "codegenVersion": "0.0.1"
    },
    {
      "projectId": "sqPBLwEBBKHA2WDuGb17eV",
      "version": "2.1.0",
      "dependencies": {},
      "lang": "ts",
      "fileLocks": [
        {
          "type": "renderModule",
          "assetId": "5nirPCGmCnRD",
          "checksum": "894bd3c651fb8ace75ecf7cb503a16d6"
        },
        {
          "type": "cssRules",
          "assetId": "5nirPCGmCnRD",
          "checksum": "894bd3c651fb8ace75ecf7cb503a16d6"
        },
        {
          "type": "icon",
          "assetId": "Wyt3GMMsLefj",
          "checksum": "d2b1886763aa016780501d0c22f50b5e"
        },
        {
          "type": "icon",
          "assetId": "MbDRsJU0e3bw",
          "checksum": "92672aa6935120ebaac11939d8d127bb"
        },
        {
          "assetId": "sqPBLwEBBKHA2WDuGb17eV",
          "type": "projectCss",
          "checksum": "e1ec850476829c38b0f9b6d4f7ac446a"
        }
      ],
      "codegenVersion": "0.0.1"
    },
    {
      "projectId": "9Vr5YWkf3w7jj6SsTcCEta",
      "version": "0.11.0",
      "dependencies": {},
      "lang": "ts",
      "fileLocks": [
        {
          "assetId": "9Vr5YWkf3w7jj6SsTcCEta",
          "type": "projectCss",
          "checksum": "e1ec850476829c38b0f9b6d4f7ac446a"
        }
      ],
      "codegenVersion": "0.0.1"
    },
    {
      "projectId": "jkU633o1Cz7HrJdwdxhVHk",
      "version": "16.11.0",
      "dependencies": {},
      "lang": "ts",
      "fileLocks": [
        {
          "assetId": "jkU633o1Cz7HrJdwdxhVHk",
          "type": "projectCss",
          "checksum": "0581d4378bb1604bb5fe3f65bb0a37de"
        }
      ],
      "codegenVersion": "0.0.1"
    },
    {
      "projectId": "ohDidvG9XsCeFumugENU3J",
      "version": "6.26.0",
      "dependencies": {},
      "lang": "ts",
      "fileLocks": [
        {
          "assetId": "ohDidvG9XsCeFumugENU3J",
          "checksum": "de0a0e65174a6a185a8f822af51c6bdd",
          "type": "globalContexts"
        },
        {
          "assetId": "ohDidvG9XsCeFumugENU3J",
          "type": "projectCss",
          "checksum": "fd83b730367fdbde2c69bc6cf31c2a3c"
        }
      ],
      "codegenVersion": "0.0.1"
    },
    {
      "projectId": "2Up8DUmBB1Tx5dhznkvCW5",
      "version": "latest",
      "dependencies": {
        "ohDidvG9XsCeFumugENU3J": "6.26.0",
        "jkU633o1Cz7HrJdwdxhVHk": "16.11.0",
        "9Vr5YWkf3w7jj6SsTcCEta": "0.11.0",
        "sqPBLwEBBKHA2WDuGb17eV": "2.1.0",
        "gLnoj82AzKVVT7qXiqAbHD": "2.12.0",
        "YUiM7yqBWAqsh8KSnrdj7": "0.30.0",
        "caTPwKxj5ZrD9LQ7DMdK4Z": "3.38.0"
      },
      "lang": "ts",
      "fileLocks": [
        {
          "type": "globalVariant",
          "assetId": "GFgHdl6tgBHl",
          "checksum": "c43f38878424ba8e79fce49e2ea3be00"
        },
        {
          "assetId": "2Up8DUmBB1Tx5dhznkvCW5",
          "checksum": "c8f011eb3545f870b843c03ba9caa47d",
          "type": "globalContexts"
        },
        {
          "type": "renderModule",
          "assetId": "rnHO_bOVeULP",
          "checksum": "0be49ed39064a92ed1d497527fb70de0"
        },
        {
          "type": "cssRules",
          "assetId": "rnHO_bOVeULP",
          "checksum": "0be49ed39064a92ed1d497527fb70de0"
        },
        {
          "type": "renderModule",
          "assetId": "nHDfdLqBbJ3Q",
          "checksum": "9c2148d9b2398f8b3c5bc99b661899a0"
        },
        {
          "type": "cssRules",
          "assetId": "nHDfdLqBbJ3Q",
          "checksum": "9c2148d9b2398f8b3c5bc99b661899a0"
        },
        {
          "type": "renderModule",
          "assetId": "Q4JwVxY8BQKh",
          "checksum": "0eed8830ed2d509a7d2fdba5b1cecc63"
        },
        {
          "type": "cssRules",
          "assetId": "Q4JwVxY8BQKh",
          "checksum": "0eed8830ed2d509a7d2fdba5b1cecc63"
        },
        {
          "type": "renderModule",
          "assetId": "eotWUtoSe3YM",
          "checksum": "12701fe4d4d60fdd2f7ef4b05f9a6d84"
        },
        {
          "type": "cssRules",
          "assetId": "eotWUtoSe3YM",
          "checksum": "12701fe4d4d60fdd2f7ef4b05f9a6d84"
        },
        {
          "type": "renderModule",
          "assetId": "Vb0VOLzBZNER",
          "checksum": "173d1184168d7a5d3dc6e9a90dddba36"
        },
        {
          "type": "cssRules",
          "assetId": "Vb0VOLzBZNER",
          "checksum": "173d1184168d7a5d3dc6e9a90dddba36"
        },
        {
          "type": "renderModule",
          "assetId": "6sm0FxicGom_",
          "checksum": "8c1a632d3e2fb84fc65e828ff169f755"
        },
        {
          "type": "cssRules",
          "assetId": "6sm0FxicGom_",
          "checksum": "8c1a632d3e2fb84fc65e828ff169f755"
        },
        {
          "type": "renderModule",
          "assetId": "x_9KNQmw4n3T",
          "checksum": "7b2391a4a17743e4dcf8b4d95d57b750"
        },
        {
          "type": "cssRules",
          "assetId": "x_9KNQmw4n3T",
          "checksum": "7b2391a4a17743e4dcf8b4d95d57b750"
        },
        {
          "type": "renderModule",
          "assetId": "7ZC-La1jrz19",
          "checksum": "33fc84ff707732410d692dac0744384f"
        },
        {
          "type": "cssRules",
          "assetId": "7ZC-La1jrz19",
          "checksum": "33fc84ff707732410d692dac0744384f"
        },
        {
          "type": "renderModule",
          "assetId": "XB84G94XjtOY",
          "checksum": "6d23c87c6c780426b69cfcb4921b426c"
        },
        {
          "type": "cssRules",
          "assetId": "XB84G94XjtOY",
          "checksum": "6d23c87c6c780426b69cfcb4921b426c"
        },
        {
          "type": "renderModule",
          "assetId": "mSsMjiy4tgBp",
          "checksum": "1221f9abe386c12ee57d5857e3c22913"
        },
        {
          "type": "cssRules",
          "assetId": "mSsMjiy4tgBp",
          "checksum": "1221f9abe386c12ee57d5857e3c22913"
        },
        {
          "type": "renderModule",
          "assetId": "JgPOznJRQoT5",
          "checksum": "b2117fdf32e3cd2b5477618b25b6b270"
        },
        {
          "type": "cssRules",
          "assetId": "JgPOznJRQoT5",
          "checksum": "b2117fdf32e3cd2b5477618b25b6b270"
        },
        {
          "type": "icon",
          "assetId": "0aRPtitADHsb",
          "checksum": "94fedcf5874e0cb69899a0752ad8b8af"
        },
        {
          "type": "icon",
          "assetId": "ZRGWIlIFp0i2",
          "checksum": "365a1d6ce88ed29b5fa0e1d28589c092"
        },
        {
          "type": "icon",
          "assetId": "OX8Wao-6hRIT",
          "checksum": "0f0980006df430a7d2b99841d94c8aff"
        },
        {
          "type": "icon",
          "assetId": "ifNHMDR6hmKo",
          "checksum": "2fcfd9aa9f1318ed514b2daed940b77c"
        },
        {
          "type": "icon",
          "assetId": "RpMZCxjbhyRD",
          "checksum": "90d90747a369ceaa4fadfe9d4d7ba76e"
        },
        {
          "type": "renderModule",
          "assetId": "tQs3K4I5HXpb",
          "checksum": "88795d095105ae05420325afb689889e"
        },
        {
          "type": "cssRules",
          "assetId": "tQs3K4I5HXpb",
          "checksum": "88795d095105ae05420325afb689889e"
        },
        {
          "type": "renderModule",
          "assetId": "n5jcfqnGZy-O",
          "checksum": "5be29f2ef69bb6e70e41a3725b366217"
        },
        {
          "type": "cssRules",
          "assetId": "n5jcfqnGZy-O",
          "checksum": "5be29f2ef69bb6e70e41a3725b366217"
        },
        {
          "type": "renderModule",
          "assetId": "YEj_G5VEI0qw",
          "checksum": "725b4d340ecc5cc7a50e1bb8537aba70"
        },
        {
          "type": "cssRules",
          "assetId": "YEj_G5VEI0qw",
          "checksum": "725b4d340ecc5cc7a50e1bb8537aba70"
        },
        {
          "type": "renderModule",
          "assetId": "BrKHErcZRT6V",
          "checksum": "c664a995d01b3210dbd6d8198ab15622"
        },
        {
          "type": "cssRules",
          "assetId": "BrKHErcZRT6V",
          "checksum": "c664a995d01b3210dbd6d8198ab15622"
        },
        {
          "type": "icon",
          "assetId": "AlYwh9edS8by",
          "checksum": "1c28c736391fdc1865039046e89fb730"
        },
        {
          "type": "image",
          "assetId": "UHnTrEpjKHhR",
          "checksum": "c896097bfafd22643e25080c484c030a"
        },
        {
          "type": "renderModule",
          "assetId": "x4n2p2jN_qky",
          "checksum": "591abf35dbb1a8074f70ccff9b5da42a"
        },
        {
          "type": "cssRules",
          "assetId": "x4n2p2jN_qky",
          "checksum": "591abf35dbb1a8074f70ccff9b5da42a"
        },
        {
          "type": "icon",
          "assetId": "gfDSmbkYqijO",
          "checksum": "8335a2eb86cd3a8e9fd8135378825523"
        },
        {
          "type": "icon",
          "assetId": "Wmz2NrCSp4o2",
          "checksum": "7157ef71aaf479274371254e486d6fd7"
        },
        {
          "type": "renderModule",
          "assetId": "wn2lQbNR4QPE",
          "checksum": "66c557cc22fc0f064013e65999e3822d"
        },
        {
          "type": "cssRules",
          "assetId": "wn2lQbNR4QPE",
          "checksum": "66c557cc22fc0f064013e65999e3822d"
        },
        {
          "type": "renderModule",
          "assetId": "LvgsS-EMlkfG",
          "checksum": "5ecfba36ad7eaadbfe675cde20f91b64"
        },
        {
          "type": "cssRules",
          "assetId": "LvgsS-EMlkfG",
          "checksum": "5ecfba36ad7eaadbfe675cde20f91b64"
        },
        {
          "type": "renderModule",
          "assetId": "Lz5lrD59R3ma",
          "checksum": "b6d430a05c6dfb34027d063ac63328a2"
        },
        {
          "type": "cssRules",
          "assetId": "Lz5lrD59R3ma",
          "checksum": "b6d430a05c6dfb34027d063ac63328a2"
        },
        {
          "assetId": "2Up8DUmBB1Tx5dhznkvCW5",
          "type": "projectCss",
          "checksum": "cad75bb8d2ff9d16a6bce10d00ba729f"
        }
      ],
      "codegenVersion": "0.0.1"
    },
    {
      "projectId": "caTPwKxj5ZrD9LQ7DMdK4Z",
      "version": "3.38.0",
      "dependencies": {},
      "lang": "ts",
      "fileLocks": [
        {
          "assetId": "caTPwKxj5ZrD9LQ7DMdK4Z",
          "type": "projectCss",
          "checksum": "e1ec850476829c38b0f9b6d4f7ac446a"
        }
      ],
      "codegenVersion": "0.0.1"
    }
  ],
  "cliVersion": "0.1.331"
}
